// !$*UTF8*$!
{
	archiveVersion = 1;
	classes = {
	};
	objectVersion = 55;
	objects = {

/* Begin PBXBuildFile section */
		7F11CABC288B6B0900F4A616 /* AppDelegate.swift in Sources */ = {isa = PBXBuildFile; fileRef = 7F11CABB288B6B0900F4A616 /* AppDelegate.swift */; };
		7F11CABE288B6B0900F4A616 /* SceneDelegate.swift in Sources */ = {isa = PBXBuildFile; fileRef = 7F11CABD288B6B0900F4A616 /* SceneDelegate.swift */; };
		7F11CAC0288B6B0900F4A616 /* ViewController.swift in Sources */ = {isa = PBXBuildFile; fileRef = 7F11CABF288B6B0900F4A616 /* ViewController.swift */; };
		7F11CAC3288B6B0900F4A616 /* Main.storyboard in Resources */ = {isa = PBXBuildFile; fileRef = 7F11CAC1288B6B0900F4A616 /* Main.storyboard */; };
		7F11CAC5288B6B0C00F4A616 /* Assets.xcassets in Resources */ = {isa = PBXBuildFile; fileRef = 7F11CAC4288B6B0C00F4A616 /* Assets.xcassets */; };
		7F11CAC8288B6B0C00F4A616 /* LaunchScreen.storyboard in Resources */ = {isa = PBXBuildFile; fileRef = 7F11CAC6288B6B0C00F4A616 /* LaunchScreen.storyboard */; };
		F4C43B29B2BBD9D74A241240 /* Pods_NJTransist.framework in Frameworks */ = {isa = PBXBuildFile; fileRef = C5790EBC698208508373C8C9 /* Pods_NJTransist.framework */; };
/* End PBXBuildFile section */

/* Begin PBXFileReference section */
		7DF803A88DEE49E3A8EB9C64 /* Pods-NJTransist.debug.xcconfig */ = {isa = PBXFileReference; includeInIndex = 1; lastKnownFileType = text.xcconfig; name = "Pods-NJTransist.debug.xcconfig"; path = "Target Support Files/Pods-NJTransist/Pods-NJTransist.debug.xcconfig"; sourceTree = "<group>"; };
		7F11CAB8288B6B0900F4A616 /* NJTransist.app */ = {isa = PBXFileReference; explicitFileType = wrapper.application; includeInIndex = 0; path = NJTransist.app; sourceTree = BUILT_PRODUCTS_DIR; };
		7F11CABB288B6B0900F4A616 /* AppDelegate.swift */ = {isa = PBXFileReference; lastKnownFileType = sourcecode.swift; path = AppDelegate.swift; sourceTree = "<group>"; };
		7F11CABD288B6B0900F4A616 /* SceneDelegate.swift */ = {isa = PBXFileReference; lastKnownFileType = sourcecode.swift; path = SceneDelegate.swift; sourceTree = "<group>"; };
		7F11CABF288B6B0900F4A616 /* ViewController.swift */ = {isa = PBXFileReference; lastKnownFileType = sourcecode.swift; path = ViewController.swift; sourceTree = "<group>"; };
		7F11CAC2288B6B0900F4A616 /* Base */ = {isa = PBXFileReference; lastKnownFileType = file.storyboard; name = Base; path = Base.lproj/Main.storyboard; sourceTree = "<group>"; };
		7F11CAC4288B6B0C00F4A616 /* Assets.xcassets */ = {isa = PBXFileReference; lastKnownFileType = folder.assetcatalog; path = Assets.xcassets; sourceTree = "<group>"; };
		7F11CAC7288B6B0C00F4A616 /* Base */ = {isa = PBXFileReference; lastKnownFileType = file.storyboard; name = Base; path = Base.lproj/LaunchScreen.storyboard; sourceTree = "<group>"; };
		7F11CAC9288B6B0C00F4A616 /* Info.plist */ = {isa = PBXFileReference; lastKnownFileType = text.plist.xml; path = Info.plist; sourceTree = "<group>"; };
		8B255A22646F8D50FF674536 /* Pods-NJTransist.release.xcconfig */ = {isa = PBXFileReference; includeInIndex = 1; lastKnownFileType = text.xcconfig; name = "Pods-NJTransist.release.xcconfig"; path = "Target Support Files/Pods-NJTransist/Pods-NJTransist.release.xcconfig"; sourceTree = "<group>"; };
		C5790EBC698208508373C8C9 /* Pods_NJTransist.framework */ = {isa = PBXFileReference; explicitFileType = wrapper.framework; includeInIndex = 0; path = Pods_NJTransist.framework; sourceTree = BUILT_PRODUCTS_DIR; };
/* End PBXFileReference section */

/* Begin PBXFrameworksBuildPhase section */
		7F11CAB5288B6B0900F4A616 /* Frameworks */ = {
			isa = PBXFrameworksBuildPhase;
			buildActionMask = 2147483647;
			files = (
				F4C43B29B2BBD9D74A241240 /* Pods_NJTransist.framework in Frameworks */,
			);
			runOnlyForDeploymentPostprocessing = 0;
		};
/* End PBXFrameworksBuildPhase section */

/* Begin PBXGroup section */
		394BEB036A0746FDC7C94623 /* Frameworks */ = {
			isa = PBXGroup;
			children = (
				C5790EBC698208508373C8C9 /* Pods_NJTransist.framework */,
			);
			name = Frameworks;
			sourceTree = "<group>";
		};
		79CA50C7BEBADF413583E412 /* Pods */ = {
			isa = PBXGroup;
			children = (
				7DF803A88DEE49E3A8EB9C64 /* Pods-NJTransist.debug.xcconfig */,
				8B255A22646F8D50FF674536 /* Pods-NJTransist.release.xcconfig */,
			);
			name = Pods;
			path = Pods;
			sourceTree = "<group>";
		};
		7F11CAAF288B6B0900F4A616 = {
			isa = PBXGroup;
			children = (
				7F11CABA288B6B0900F4A616 /* NJTransist */,
				7F11CAB9288B6B0900F4A616 /* Products */,
				79CA50C7BEBADF413583E412 /* Pods */,
				394BEB036A0746FDC7C94623 /* Frameworks */,
			);
			sourceTree = "<group>";
		};
		7F11CAB9288B6B0900F4A616 /* Products */ = {
			isa = PBXGroup;
			children = (
				7F11CAB8288B6B0900F4A616 /* NJTransist.app */,
			);
			name = Products;
			sourceTree = "<group>";
		};
		7F11CABA288B6B0900F4A616 /* NJTransist */ = {
			isa = PBXGroup;
			children = (
				7F11CABB288B6B0900F4A616 /* AppDelegate.swift */,
				7F11CABD288B6B0900F4A616 /* SceneDelegate.swift */,
				7F11CABF288B6B0900F4A616 /* ViewController.swift */,
				7F11CAC1288B6B0900F4A616 /* Main.storyboard */,
				7F11CAC4288B6B0C00F4A616 /* Assets.xcassets */,
				7F11CAC6288B6B0C00F4A616 /* LaunchScreen.storyboard */,
				7F11CAC9288B6B0C00F4A616 /* Info.plist */,
			);
			path = NJTransist;
			sourceTree = "<group>";
		};
/* End PBXGroup section */

/* Begin PBXNativeTarget section */
		7F11CAB7288B6B0900F4A616 /* NJTransist */ = {
			isa = PBXNativeTarget;
			buildConfigurationList = 7F11CACC288B6B0C00F4A616 /* Build configuration list for PBXNativeTarget "NJTransist" */;
			buildPhases = (
				6711E7D6FA453381B162E919 /* [CP] Check Pods Manifest.lock */,
				7F11CAB4288B6B0900F4A616 /* Sources */,
				7F11CAB5288B6B0900F4A616 /* Frameworks */,
				7F11CAB6288B6B0900F4A616 /* Resources */,
			);
			buildRules = (
			);
			dependencies = (
			);
			name = NJTransist;
			productName = NJTransist;
			productReference = 7F11CAB8288B6B0900F4A616 /* NJTransist.app */;
			productType = "com.apple.product-type.application";
		};
/* End PBXNativeTarget section */

/* Begin PBXProject section */
		7F11CAB0288B6B0900F4A616 /* Project object */ = {
			isa = PBXProject;
			attributes = {
				BuildIndependentTargetsInParallel = 1;
				LastSwiftUpdateCheck = 1340;
				LastUpgradeCheck = 1340;
				TargetAttributes = {
					7F11CAB7288B6B0900F4A616 = {
						CreatedOnToolsVersion = 13.4.1;
					};
				};
			};
			buildConfigurationList = 7F11CAB3288B6B0900F4A616 /* Build configuration list for PBXProject "NJTransist" */;
			compatibilityVersion = "Xcode 13.0";
			developmentRegion = en;
			hasScannedForEncodings = 0;
			knownRegions = (
				en,
				Base,
			);
			mainGroup = 7F11CAAF288B6B0900F4A616;
			productRefGroup = 7F11CAB9288B6B0900F4A616 /* Products */;
			projectDirPath = "";
			projectRoot = "";
			targets = (
				7F11CAB7288B6B0900F4A616 /* NJTransist */,
			);
		};
/* End PBXProject section */

/* Begin PBXResourcesBuildPhase section */
		7F11CAB6288B6B0900F4A616 /* Resources */ = {
			isa = PBXResourcesBuildPhase;
			buildActionMask = 2147483647;
			files = (
				7F11CAC8288B6B0C00F4A616 /* LaunchScreen.storyboard in Resources */,
				7F11CAC5288B6B0C00F4A616 /* Assets.xcassets in Resources */,
				7F11CAC3288B6B0900F4A616 /* Main.storyboard in Resources */,
			);
			runOnlyForDeploymentPostprocessing = 0;
		};
/* End PBXResourcesBuildPhase section */

/* Begin PBXShellScriptBuildPhase section */
		6711E7D6FA453381B162E919 /* [CP] Check Pods Manifest.lock */ = {
			isa = PBXShellScriptBuildPhase;
			buildActionMask = 2147483647;
			files = (
			);
			inputFileListPaths = (
			);
			inputPaths = (
				"${PODS_PODFILE_DIR_PATH}/Podfile.lock",
				"${PODS_ROOT}/Manifest.lock",
			);
			name = "[CP] Check Pods Manifest.lock";
			outputFileListPaths = (
			);
			outputPaths = (
				"$(DERIVED_FILE_DIR)/Pods-NJTransist-checkManifestLockResult.txt",
			);
			runOnlyForDeploymentPostprocessing = 0;
			shellPath = /bin/sh;
			shellScript = "diff \"${PODS_PODFILE_DIR_PATH}/Podfile.lock\" \"${PODS_ROOT}/Manifest.lock\" > /dev/null\nif [ $? != 0 ] ; then\n    # print error to STDERR\n    echo \"error: The sandbox is not in sync with the Podfile.lock. Run 'pod install' or update your CocoaPods installation.\" >&2\n    exit 1\nfi\n# This output is used by Xcode 'outputs' to avoid re-running this script phase.\necho \"SUCCESS\" > \"${SCRIPT_OUTPUT_FILE_0}\"\n";
			showEnvVarsInLog = 0;
		};
/* End PBXShellScriptBuildPhase section */

/* Begin PBXSourcesBuildPhase section */
		7F11CAB4288B6B0900F4A616 /* Sources */ = {
			isa = PBXSourcesBuildPhase;
			buildActionMask = 2147483647;
			files = (
				7F11CAC0288B6B0900F4A616 /* ViewController.swift in Sources */,
				7F11CABC288B6B0900F4A616 /* AppDelegate.swift in Sources */,
				7F11CABE288B6B0900F4A616 /* SceneDelegate.swift in Sources */,
			);
			runOnlyForDeploymentPostprocessing = 0;
		};
/* End PBXSourcesBuildPhase section */

/* Begin PBXVariantGroup section */
		7F11CAC1288B6B0900F4A616 /* Main.storyboard */ = {
			isa = PBXVariantGroup;
			children = (
				7F11CAC2288B6B0900F4A616 /* Base */,
			);
			name = Main.storyboard;
			sourceTree = "<group>";
		};
		7F11CAC6288B6B0C00F4A616 /* LaunchScreen.storyboard */ = {
			isa = PBXVariantGroup;
			children = (
				7F11CAC7288B6B0C00F4A616 /* Base */,
			);
			name = LaunchScreen.storyboard;
			sourceTree = "<group>";
		};
/* End PBXVariantGroup section */

/* Begin XCBuildConfiguration section */
		7F11CACA288B6B0C00F4A616 /* Debug */ = {
			isa = XCBuildConfiguration;
			buildSettings = {
				ALWAYS_SEARCH_USER_PATHS = NO;
				CLANG_ANALYZER_NONNULL = YES;
				CLANG_ANALYZER_NUMBER_OBJECT_CONVERSION = YES_AGGRESSIVE;
				CLANG_CXX_LANGUAGE_STANDARD = "gnu++17";
				CLANG_ENABLE_MODULES = YES;
				CLANG_ENABLE_OBJC_ARC = YES;
				CLANG_ENABLE_OBJC_WEAK = YES;
				CLANG_WARN_BLOCK_CAPTURE_AUTORELEASING = YES;
				CLANG_WARN_BOOL_CONVERSION = YES;
				CLANG_WARN_COMMA = YES;
				CLANG_WARN_CONSTANT_CONVERSION = YES;
				CLANG_WARN_DEPRECATED_OBJC_IMPLEMENTATIONS = YES;
				CLANG_WARN_DIRECT_OBJC_ISA_USAGE = YES_ERROR;
				CLANG_WARN_DOCUMENTATION_COMMENTS = YES;
				CLANG_WARN_EMPTY_BODY = YES;
				CLANG_WARN_ENUM_CONVERSION = YES;
				CLANG_WARN_INFINITE_RECURSION = YES;
				CLANG_WARN_INT_CONVERSION = YES;
				CLANG_WARN_NON_LITERAL_NULL_CONVERSION = YES;
				CLANG_WARN_OBJC_IMPLICIT_RETAIN_SELF = YES;
				CLANG_WARN_OBJC_LITERAL_CONVERSION = YES;
				CLANG_WARN_OBJC_ROOT_CLASS = YES_ERROR;
				CLANG_WARN_QUOTED_INCLUDE_IN_FRAMEWORK_HEADER = YES;
				CLANG_WARN_RANGE_LOOP_ANALYSIS = YES;
				CLANG_WARN_STRICT_PROTOTYPES = YES;
				CLANG_WARN_SUSPICIOUS_MOVE = YES;
				CLANG_WARN_UNGUARDED_AVAILABILITY = YES_AGGRESSIVE;
				CLANG_WARN_UNREACHABLE_CODE = YES;
				CLANG_WARN__DUPLICATE_METHOD_MATCH = YES;
				COPY_PHASE_STRIP = NO;
				DEBUG_INFORMATION_FORMAT = dwarf;
				ENABLE_STRICT_OBJC_MSGSEND = YES;
				ENABLE_TESTABILITY = YES;
				GCC_C_LANGUAGE_STANDARD = gnu11;
				GCC_DYNAMIC_NO_PIC = NO;
				GCC_NO_COMMON_BLOCKS = YES;
				GCC_OPTIMIZATION_LEVEL = 0;
				GCC_PREPROCESSOR_DEFINITIONS = (
					"DEBUG=1",
					"$(inherited)",
				);
				GCC_WARN_64_TO_32_BIT_CONVERSION = YES;
				GCC_WARN_ABOUT_RETURN_TYPE = YES_ERROR;
				GCC_WARN_UNDECLARED_SELECTOR = YES;
				GCC_WARN_UNINITIALIZED_AUTOS = YES_AGGRESSIVE;
				GCC_WARN_UNUSED_FUNCTION = YES;
				GCC_WARN_UNUSED_VARIABLE = YES;
				IPHONEOS_DEPLOYMENT_TARGET = 15.5;
				MTL_ENABLE_DEBUG_INFO = INCLUDE_SOURCE;
				MTL_FAST_MATH = YES;
				ONLY_ACTIVE_ARCH = YES;
				SDKROOT = iphoneos;
				SWIFT_ACTIVE_COMPILATION_CONDITIONS = DEBUG;
				SWIFT_OPTIMIZATION_LEVEL = "-Onone";
			};
			name = Debug;
		};
		7F11CACB288B6B0C00F4A616 /* Release */ = {
			isa = XCBuildConfiguration;
			buildSettings = {
				ALWAYS_SEARCH_USER_PATHS = NO;
				CLANG_ANALYZER_NONNULL = YES;
				CLANG_ANALYZER_NUMBER_OBJECT_CONVERSION = YES_AGGRESSIVE;
				CLANG_CXX_LANGUAGE_STANDARD = "gnu++17";
				CLANG_ENABLE_MODULES = YES;
				CLANG_ENABLE_OBJC_ARC = YES;
				CLANG_ENABLE_OBJC_WEAK = YES;
				CLANG_WARN_BLOCK_CAPTURE_AUTORELEASING = YES;
				CLANG_WARN_BOOL_CONVERSION = YES;
				CLANG_WARN_COMMA = YES;
				CLANG_WARN_CONSTANT_CONVERSION = YES;
				CLANG_WARN_DEPRECATED_OBJC_IMPLEMENTATIONS = YES;
				CLANG_WARN_DIRECT_OBJC_ISA_USAGE = YES_ERROR;
				CLANG_WARN_DOCUMENTATION_COMMENTS = YES;
				CLANG_WARN_EMPTY_BODY = YES;
				CLANG_WARN_ENUM_CONVERSION = YES;
				CLANG_WARN_INFINITE_RECURSION = YES;
				CLANG_WARN_INT_CONVERSION = YES;
				CLANG_WARN_NON_LITERAL_NULL_CONVERSION = YES;
				CLANG_WARN_OBJC_IMPLICIT_RETAIN_SELF = YES;
				CLANG_WARN_OBJC_LITERAL_CONVERSION = YES;
				CLANG_WARN_OBJC_ROOT_CLASS = YES_ERROR;
				CLANG_WARN_QUOTED_INCLUDE_IN_FRAMEWORK_HEADER = YES;
				CLANG_WARN_RANGE_LOOP_ANALYSIS = YES;
				CLANG_WARN_STRICT_PROTOTYPES = YES;
				CLANG_WARN_SUSPICIOUS_MOVE = YES;
				CLANG_WARN_UNGUARDED_AVAILABILITY = YES_AGGRESSIVE;
				CLANG_WARN_UNREACHABLE_CODE = YES;
				CLANG_WARN__DUPLICATE_METHOD_MATCH = YES;
				COPY_PHASE_STRIP = NO;
				DEBUG_INFORMATION_FORMAT = "dwarf-with-dsym";
				ENABLE_NS_ASSERTIONS = NO;
				ENABLE_STRICT_OBJC_MSGSEND = YES;
				GCC_C_LANGUAGE_STANDARD = gnu11;
				GCC_NO_COMMON_BLOCKS = YES;
				GCC_WARN_64_TO_32_BIT_CONVERSION = YES;
				GCC_WARN_ABOUT_RETURN_TYPE = YES_ERROR;
				GCC_WARN_UNDECLARED_SELECTOR = YES;
				GCC_WARN_UNINITIALIZED_AUTOS = YES_AGGRESSIVE;
				GCC_WARN_UNUSED_FUNCTION = YES;
				GCC_WARN_UNUSED_VARIABLE = YES;
				IPHONEOS_DEPLOYMENT_TARGET = 15.5;
				MTL_ENABLE_DEBUG_INFO = NO;
				MTL_FAST_MATH = YES;
				SDKROOT = iphoneos;
				SWIFT_COMPILATION_MODE = wholemodule;
				SWIFT_OPTIMIZATION_LEVEL = "-O";
				VALIDATE_PRODUCT = YES;
			};
			name = Release;
		};
		7F11CACD288B6B0C00F4A616 /* Debug */ = {
			isa = XCBuildConfiguration;
			baseConfigurationReference = 7DF803A88DEE49E3A8EB9C64 /* Pods-NJTransist.debug.xcconfig */;
			buildSettings = {
				ASSETCATALOG_COMPILER_APPICON_NAME = AppIcon;
				ASSETCATALOG_COMPILER_GLOBAL_ACCENT_COLOR_NAME = AccentColor;
				CODE_SIGN_STYLE = Automatic;
				CURRENT_PROJECT_VERSION = 1;
				DEVELOPMENT_TEAM = PA87LPDU7Z;
				GENERATE_INFOPLIST_FILE = YES;
				INFOPLIST_FILE = NJTransist/Info.plist;
				INFOPLIST_KEY_UIApplicationSupportsIndirectInputEvents = YES;
				INFOPLIST_KEY_UILaunchStoryboardName = LaunchScreen;
				INFOPLIST_KEY_UIMainStoryboardFile = Main;
				INFOPLIST_KEY_UISupportedInterfaceOrientations_iPad = "UIInterfaceOrientationPortrait UIInterfaceOrientationPortraitUpsideDown UIInterfaceOrientationLandscapeLeft UIInterfaceOrientationLandscapeRight";
				INFOPLIST_KEY_UISupportedInterfaceOrientations_iPhone = "UIInterfaceOrientationPortrait UIInterfaceOrientationLandscapeLeft UIInterfaceOrientationLandscapeRight";
				LD_RUNPATH_SEARCH_PATHS = (
					"$(inherited)",
					"@executable_path/Frameworks",
				);
				MARKETING_VERSION = 1.0;
				PRODUCT_BUNDLE_IDENTIFIER = com.SahilMirchandani.NJTransist;
				PRODUCT_NAME = "$(TARGET_NAME)";
				SWIFT_EMIT_LOC_STRINGS = YES;
				SWIFT_VERSION = 5.0;
				TARGETED_DEVICE_FAMILY = "1,2";
			};
			name = Debug;
		};
		7F11CACE288B6B0C00F4A616 /* Release */ = {
			isa = XCBuildConfiguration;
			baseConfigurationReference = 8B255A22646F8D50FF674536 /* Pods-NJTransist.release.xcconfig */;
			buildSettings = {
				ASSETCATALOG_COMPILER_APPICON_NAME = AppIcon;
				ASSETCATALOG_COMPILER_GLOBAL_ACCENT_COLOR_NAME = AccentColor;
				CODE_SIGN_STYLE = Automatic;
				CURRENT_PROJECT_VERSION = 1;
				DEVELOPMENT_TEAM = PA87LPDU7Z;
				GENERATE_INFOPLIST_FILE = YES;
				INFOPLIST_FILE = NJTransist/Info.plist;
				INFOPLIST_KEY_UIApplicationSupportsIndirectInputEvents = YES;
				INFOPLIST_KEY_UILaunchStoryboardName = LaunchScreen;
				INFOPLIST_KEY_UIMainStoryboardFile = Main;
				INFOPLIST_KEY_UISupportedInterfaceOrientations_iPad = "UIInterfaceOrientationPortrait UIInterfaceOrientationPortraitUpsideDown UIInterfaceOrientationLandscapeLeft UIInterfaceOrientationLandscapeRight";
				INFOPLIST_KEY_UISupportedInterfaceOrientations_iPhone = "UIInterfaceOrientationPortrait UIInterfaceOrientationLandscapeLeft UIInterfaceOrientationLandscapeRight";
				LD_RUNPATH_SEARCH_PATHS = (
					"$(inherited)",
					"@executable_path/Frameworks",
				);
				MARKETING_VERSION = 1.0;
				PRODUCT_BUNDLE_IDENTIFIER = com.SahilMirchandani.NJTransist;
				PRODUCT_NAME = "$(TARGET_NAME)";
				SWIFT_EMIT_LOC_STRINGS = YES;
				SWIFT_VERSION = 5.0;
				TARGETED_DEVICE_FAMILY = "1,2";
			};
			name = Release;
		};
/* End XCBuildConfiguration section */

/* Begin XCConfigurationList section */
		7F11CAB3288B6B0900F4A616 /* Build configuration list for PBXProject "NJTransist" */ = {
			isa = XCConfigurationList;
			buildConfigurations = (
				7F11CACA288B6B0C00F4A616 /* Debug */,
				7F11CACB288B6B0C00F4A616 /* Release */,
			);
			defaultConfigurationIsVisible = 0;
			defaultConfigurationName = Release;
		};
		7F11CACC288B6B0C00F4A616 /* Build configuration list for PBXNativeTarget "NJTransist" */ = {
			isa = XCConfigurationList;
			buildConfigurations = (
				7F11CACD288B6B0C00F4A616 /* Debug */,
				7F11CACE288B6B0C00F4A616 /* Release */,
			);
			defaultConfigurationIsVisible = 0;
			defaultConfigurationName = Release;
		};
/* End XCConfigurationList section */
	};
	rootObject = 7F11CAB0288B6B0900F4A616 /* Project object */;
}
